{
  "version": "4",
  "specifiers": {
    "jsr:@astral/astral@~0.5.2": "0.5.2",
    "jsr:@deno-library/progress@^1.5.1": "1.5.1",
    "jsr:@std/assert@^1.0.13": "1.0.13",
    "jsr:@std/async@1": "1.0.12",
    "jsr:@std/cli@1.0.17": "1.0.17",
    "jsr:@std/collections@^1.0.10": "1.0.10",
    "jsr:@std/fmt@1.0.3": "1.0.3",
    "jsr:@std/fmt@^1.0.7": "1.0.7",
    "jsr:@std/front-matter@^1.0.9": "1.0.9",
    "jsr:@std/fs@1": "1.0.16",
    "jsr:@std/internal@^1.0.6": "1.0.6",
    "jsr:@std/io@0.225.0": "0.225.0",
    "jsr:@std/path@1": "1.0.9",
    "jsr:@std/path@^1.0.9": "1.0.9",
    "jsr:@std/toml@^1.0.3": "1.0.4",
    "jsr:@std/yaml@^1.0.5": "1.0.6",
    "jsr:@std/yaml@^1.0.6": "1.0.6",
    "jsr:@zip-js/zip-js@^2.7.52": "2.7.60",
    "npm:md4w@~0.2.6": "0.2.6",
    "npm:node-html-parser@^7.0.1": "7.0.1",
    "npm:shiki@^3.3.0": "3.3.0"
  },
  "jsr": {
    "@astral/astral@0.5.2": {
      "integrity": "dc4b7e0ea5d8186fcd9e33e2c54e62913d7eb99d5a2d4f987b1c5399d8e295de",
      "dependencies": [
        "jsr:@deno-library/progress",
        "jsr:@std/async",
        "jsr:@std/fs",
        "jsr:@std/path@1",
        "jsr:@zip-js/zip-js"
      ]
    },
    "@deno-library/progress@1.5.1": {
      "integrity": "966611826b8bb27baae73ab1c4fa4317cd4edd2abb99750cd6f8488d22d5b121",
      "dependencies": [
        "jsr:@std/fmt@1.0.3",
        "jsr:@std/io"
      ]
    },
    "@std/assert@1.0.13": {
      "integrity": "ae0d31e41919b12c656c742b22522c32fb26ed0cba32975cb0de2a273cb68b29",
      "dependencies": [
        "jsr:@std/internal"
      ]
    },
    "@std/async@1.0.12": {
      "integrity": "d1bfcec459e8012846fe4e38dfc4241ab23240ecda3d8d6dfcf6d81a632e803d"
    },
    "@std/cli@1.0.17": {
      "integrity": "e15b9abe629e17be90cc6216327f03a29eae613365f1353837fa749aad29ce7b"
    },
    "@std/collections@1.0.10": {
      "integrity": "903af106a3d92970d74e20f7ebff77d9658af9bef4403f1dc42a7801c0575899"
    },
    "@std/fmt@1.0.3": {
      "integrity": "97765c16aa32245ff4e2204ecf7d8562496a3cb8592340a80e7e554e0bb9149f"
    },
    "@std/fmt@1.0.7": {
      "integrity": "2a727c043d8df62cd0b819b3fb709b64dd622e42c3b1bb817ea7e6cc606360fb"
    },
    "@std/front-matter@1.0.9": {
      "integrity": "ee6201d06674cbef137dda2252f62477450b48249e7d8d9ab57a30f85ff6f051",
      "dependencies": [
        "jsr:@std/toml",
        "jsr:@std/yaml@^1.0.5"
      ]
    },
    "@std/fs@1.0.16": {
      "integrity": "81878f62b6eeda0bf546197fc3daa5327c132fee1273f6113f940784a468b036"
    },
    "@std/internal@1.0.6": {
      "integrity": "9533b128f230f73bd209408bb07a4b12f8d4255ab2a4d22a1fd6d87304aca9a4"
    },
    "@std/io@0.225.0": {
      "integrity": "c1db7c5e5a231629b32d64b9a53139445b2ca640d828c26bf23e1c55f8c079b3"
    },
    "@std/path@1.0.9": {
      "integrity": "260a49f11edd3db93dd38350bf9cd1b4d1366afa98e81b86167b4e3dd750129e"
    },
    "@std/toml@1.0.4": {
      "integrity": "8781e687d04c8fbe246b9c5714be01925792a94d943462c33777675ab557cff1",
      "dependencies": [
        "jsr:@std/collections"
      ]
    },
    "@std/yaml@1.0.6": {
      "integrity": "c9a5a914e1d51c46756cb10e356710035cfa905e713c90d3b711413fd3aead27"
    },
    "@zip-js/zip-js@2.7.60": {
      "integrity": "6bb6cf0d02b64ca9acba8c7bc072293609ec3bad584db2b5cf3bb089e031ea0e"
    }
  },
  "npm": {
    "@shikijs/core@3.3.0": {
      "integrity": "sha512-CovkFL2WVaHk6PCrwv6ctlmD4SS1qtIfN8yEyDXDYWh4ONvomdM9MaFw20qHuqJOcb8/xrkqoWQRJ//X10phOQ==",
      "dependencies": [
        "@shikijs/types",
        "@shikijs/vscode-textmate",
        "@types/hast",
        "hast-util-to-html"
      ]
    },
    "@shikijs/engine-javascript@3.3.0": {
      "integrity": "sha512-XlhnFGv0glq7pfsoN0KyBCz9FJU678LZdQ2LqlIdAj6JKsg5xpYKay3DkazXWExp3DTJJK9rMOuGzU2911pg7Q==",
      "dependencies": [
        "@shikijs/types",
        "@shikijs/vscode-textmate",
        "oniguruma-to-es"
      ]
    },
    "@shikijs/engine-oniguruma@3.3.0": {
      "integrity": "sha512-l0vIw+GxeNU7uGnsu6B+Crpeqf+WTQ2Va71cHb5ZYWEVEPdfYwY5kXwYqRJwHrxz9WH+pjSpXQz+TJgAsrkA5A==",
      "dependencies": [
        "@shikijs/types",
        "@shikijs/vscode-textmate"
      ]
    },
    "@shikijs/langs@3.3.0": {
      "integrity": "sha512-zt6Kf/7XpBQKSI9eqku+arLkAcDQ3NHJO6zFjiChI8w0Oz6Jjjay7pToottjQGjSDCFk++R85643WbyINcuL+g==",
      "dependencies": [
        "@shikijs/types"
      ]
    },
    "@shikijs/themes@3.3.0": {
      "integrity": "sha512-tXeCvLXBnqq34B0YZUEaAD1lD4lmN6TOHAhnHacj4Owh7Ptb/rf5XCDeROZt2rEOk5yuka3OOW2zLqClV7/SOg==",
      "dependencies": [
        "@shikijs/types"
      ]
    },
    "@shikijs/types@3.3.0": {
      "integrity": "sha512-KPCGnHG6k06QG/2pnYGbFtFvpVJmC3uIpXrAiPrawETifujPBv0Se2oUxm5qYgjCvGJS9InKvjytOdN+bGuX+Q==",
      "dependencies": [
        "@shikijs/vscode-textmate",
        "@types/hast"
      ]
    },
    "@shikijs/vscode-textmate@10.0.2": {
      "integrity": "sha512-83yeghZ2xxin3Nj8z1NMd/NCuca+gsYXswywDy5bHvwlWL8tpTQmzGeUuHd9FC3E/SBEMvzJRwWEOz5gGes9Qg=="
    },
    "@types/hast@3.0.4": {
      "integrity": "sha512-WPs+bbQw5aCj+x6laNGWLH3wviHtoCv/P3+otBhbOhJgG8qtpdAMlTCxLtsTWA7LH1Oh/bFCHsBn0TPS5m30EQ==",
      "dependencies": [
        "@types/unist"
      ]
    },
    "@types/mdast@4.0.4": {
      "integrity": "sha512-kGaNbPh1k7AFzgpud/gMdvIm5xuECykRR+JnWKQno9TAXVa6WIVCGTPvYGekIDL4uwCZQSYbUxNBSb1aUo79oA==",
      "dependencies": [
        "@types/unist"
      ]
    },
    "@types/unist@3.0.3": {
      "integrity": "sha512-ko/gIFJRv177XgZsZcBwnqJN5x/Gien8qNOn0D5bQU/zAzVf9Zt3BlcUiLqhV9y4ARk0GbT3tnUiPNgnTXzc/Q=="
    },
    "@ungap/structured-clone@1.3.0": {
      "integrity": "sha512-WmoN8qaIAo7WTYWbAZuG8PYEhn5fkz7dZrqTBZ7dtt//lL2Gwms1IcnQ5yHqjDfX8Ft5j4YzDM23f87zBfDe9g=="
    },
    "boolbase@1.0.0": {
      "integrity": "sha512-JZOSA7Mo9sNGB8+UjSgzdLtokWAky1zbztM3WRLCbZ70/3cTANmQmOdR7y2g+J0e2WXywy1yS468tY+IruqEww=="
    },
    "ccount@2.0.1": {
      "integrity": "sha512-eyrF0jiFpY+3drT6383f1qhkbGsLSifNAjA61IUjZjmLCWjItY6LB9ft9YhoDgwfmclB2zhu51Lc7+95b8NRAg=="
    },
    "character-entities-html4@2.1.0": {
      "integrity": "sha512-1v7fgQRj6hnSwFpq1Eu0ynr/CDEw0rXo2B61qXrLNdHZmPKgb7fqS1a2JwF0rISo9q77jDI8VMEHoApn8qDoZA=="
    },
    "character-entities-legacy@3.0.0": {
      "integrity": "sha512-RpPp0asT/6ufRm//AJVwpViZbGM/MkjQFxJccQRHmISF/22NBtsHqAWmL+/pmkPWoIUJdWyeVleTl1wydHATVQ=="
    },
    "comma-separated-tokens@2.0.3": {
      "integrity": "sha512-Fu4hJdvzeylCfQPp9SGWidpzrMs7tTrlu6Vb8XGaRGck8QSNZJJp538Wrb60Lax4fPwR64ViY468OIUTbRlGZg=="
    },
    "css-select@5.1.0": {
      "integrity": "sha512-nwoRF1rvRRnnCqqY7updORDsuqKzqYJ28+oSMaJMMgOauh3fvwHqMS7EZpIPqK8GL+g9mKxF1vP/ZjSeNjEVHg==",
      "dependencies": [
        "boolbase",
        "css-what",
        "domhandler",
        "domutils",
        "nth-check"
      ]
    },
    "css-what@6.1.0": {
      "integrity": "sha512-HTUrgRJ7r4dsZKU6GjmpfRK1O76h97Z8MfS1G0FozR+oF2kG6Vfe8JE6zwrkbxigziPHinCJ+gCPjA9EaBDtRw=="
    },
    "dequal@2.0.3": {
      "integrity": "sha512-0je+qPKHEMohvfRTCEo3CrPG6cAzAYgmzKyxRiYSSDkS6eGJdyVJm7WaYA5ECaAD9wLB2T4EEeymA5aFVcYXCA=="
    },
    "devlop@1.1.0": {
      "integrity": "sha512-RWmIqhcFf1lRYBvNmr7qTNuyCt/7/ns2jbpp1+PalgE/rDQcBT0fioSMUpJ93irlUhC5hrg4cYqe6U+0ImW0rA==",
      "dependencies": [
        "dequal"
      ]
    },
    "dom-serializer@2.0.0": {
      "integrity": "sha512-wIkAryiqt/nV5EQKqQpo3SToSOV9J0DnbJqwK7Wv/Trc92zIAYZ4FlMu+JPFW1DfGFt81ZTCGgDEabffXeLyJg==",
      "dependencies": [
        "domelementtype",
        "domhandler",
        "entities"
      ]
    },
    "domelementtype@2.3.0": {
      "integrity": "sha512-OLETBj6w0OsagBwdXnPdN0cnMfF9opN69co+7ZrbfPGrdpPVNBUj02spi6B1N7wChLQiPn4CSH/zJvXw56gmHw=="
    },
    "domhandler@5.0.3": {
      "integrity": "sha512-cgwlv/1iFQiFnU96XXgROh8xTeetsnJiDsTc7TYCLFd9+/WNkIqPTxiM/8pSd8VIrhXGTf1Ny1q1hquVqDJB5w==",
      "dependencies": [
        "domelementtype"
      ]
    },
    "domutils@3.2.2": {
      "integrity": "sha512-6kZKyUajlDuqlHKVX1w7gyslj9MPIXzIFiz/rGu35uC1wMi+kMhQwGhl4lt9unC9Vb9INnY9Z3/ZA3+FhASLaw==",
      "dependencies": [
        "dom-serializer",
        "domelementtype",
        "domhandler"
      ]
    },
    "emoji-regex-xs@1.0.0": {
      "integrity": "sha512-LRlerrMYoIDrT6jgpeZ2YYl/L8EulRTt5hQcYjy5AInh7HWXKimpqx68aknBFpGL2+/IcogTcaydJEgaTmOpDg=="
    },
    "entities@4.5.0": {
      "integrity": "sha512-V0hjH4dGPh9Ao5p0MoRY6BVqtwCjhz6vI5LT8AJ55H+4g9/4vbHx1I54fS0XuclLhDHArPQCiMjDxjaL8fPxhw=="
    },
    "hast-util-to-html@9.0.5": {
      "integrity": "sha512-OguPdidb+fbHQSU4Q4ZiLKnzWo8Wwsf5bZfbvu7//a9oTYoqD/fWpe96NuHkoS9h0ccGOTe0C4NGXdtS0iObOw==",
      "dependencies": [
        "@types/hast",
        "@types/unist",
        "ccount",
        "comma-separated-tokens",
        "hast-util-whitespace",
        "html-void-elements",
        "mdast-util-to-hast",
        "property-information",
        "space-separated-tokens",
        "stringify-entities",
        "zwitch"
      ]
    },
    "hast-util-whitespace@3.0.0": {
      "integrity": "sha512-88JUN06ipLwsnv+dVn+OIYOvAuvBMy/Qoi6O7mQHxdPXpjy+Cd6xRkWwux7DKO+4sYILtLBRIKgsdpS2gQc7qw==",
      "dependencies": [
        "@types/hast"
      ]
    },
    "he@1.2.0": {
      "integrity": "sha512-F/1DnUGPopORZi0ni+CvrCgHQ5FyEAHRLSApuYWMmrbSwoN2Mn/7k+Gl38gJnR7yyDZk6WLXwiGod1JOWNDKGw=="
    },
    "html-void-elements@3.0.0": {
      "integrity": "sha512-bEqo66MRXsUGxWHV5IP0PUiAWwoEjba4VCzg0LjFJBpchPaTfyfCKTG6bc5F8ucKec3q5y6qOdGyYTSBEvhCrg=="
    },
    "md4w@0.2.6": {
      "integrity": "sha512-CBLQ2PxVe9WA+/nndZCx/Y+1C3DtmtSeubmXTPhMIgsXtq9gVGleikREko5FYnV6Dz4cHDWm0Ea+YMLpIjP4Kw=="
    },
    "mdast-util-to-hast@13.2.0": {
      "integrity": "sha512-QGYKEuUsYT9ykKBCMOEDLsU5JRObWQusAolFMeko/tYPufNkRffBAQjIE+99jbA87xv6FgmjLtwjh9wBWajwAA==",
      "dependencies": [
        "@types/hast",
        "@types/mdast",
        "@ungap/structured-clone",
        "devlop",
        "micromark-util-sanitize-uri",
        "trim-lines",
        "unist-util-position",
        "unist-util-visit",
        "vfile"
      ]
    },
    "micromark-util-character@2.1.1": {
      "integrity": "sha512-wv8tdUTJ3thSFFFJKtpYKOYiGP2+v96Hvk4Tu8KpCAsTMs6yi+nVmGh1syvSCsaxz45J6Jbw+9DD6g97+NV67Q==",
      "dependencies": [
        "micromark-util-symbol",
        "micromark-util-types"
      ]
    },
    "micromark-util-encode@2.0.1": {
      "integrity": "sha512-c3cVx2y4KqUnwopcO9b/SCdo2O67LwJJ/UyqGfbigahfegL9myoEFoDYZgkT7f36T0bLrM9hZTAaAyH+PCAXjw=="
    },
    "micromark-util-sanitize-uri@2.0.1": {
      "integrity": "sha512-9N9IomZ/YuGGZZmQec1MbgxtlgougxTodVwDzzEouPKo3qFWvymFHWcnDi2vzV1ff6kas9ucW+o3yzJK9YB1AQ==",
      "dependencies": [
        "micromark-util-character",
        "micromark-util-encode",
        "micromark-util-symbol"
      ]
    },
    "micromark-util-symbol@2.0.1": {
      "integrity": "sha512-vs5t8Apaud9N28kgCrRUdEed4UJ+wWNvicHLPxCa9ENlYuAY31M0ETy5y1vA33YoNPDFTghEbnh6efaE8h4x0Q=="
    },
    "micromark-util-types@2.0.2": {
      "integrity": "sha512-Yw0ECSpJoViF1qTU4DC6NwtC4aWGt1EkzaQB8KPPyCRR8z9TWeV0HbEFGTO+ZY1wB22zmxnJqhPyTpOVCpeHTA=="
    },
    "node-html-parser@7.0.1": {
      "integrity": "sha512-KGtmPY2kS0thCWGK0VuPyOS+pBKhhe8gXztzA2ilAOhbUbxa9homF1bOyKvhGzMLXUoRds9IOmr/v5lr/lqNmA==",
      "dependencies": [
        "css-select",
        "he"
      ]
    },
    "nth-check@2.1.1": {
      "integrity": "sha512-lqjrjmaOoAnWfMmBPL+XNnynZh2+swxiX3WUE0s4yEHI6m+AwrK2UZOimIRl3X/4QctVqS8AiZjFqyOGrMXb/w==",
      "dependencies": [
        "boolbase"
      ]
    },
    "oniguruma-parser@0.11.2": {
      "integrity": "sha512-F7Ld4oDZJCI5/wCZ8AOffQbqjSzIRpKH7I/iuSs1SkhZeCj0wS6PMZ4W6VA16TWHrAo0Y9bBKEJOe7tvwcTXnw=="
    },
    "oniguruma-to-es@4.2.0": {
      "integrity": "sha512-MDPs6KSOLS0tKQ7joqg44dRIRZUyotfTy0r+7oEEs6VwWWP0+E2PPDYWMFN0aqOjRyWHBYq7RfKw9GQk2S2z5g==",
      "dependencies": [
        "emoji-regex-xs",
        "oniguruma-parser",
        "regex",
        "regex-recursion"
      ]
    },
    "property-information@7.0.0": {
      "integrity": "sha512-7D/qOz/+Y4X/rzSB6jKxKUsQnphO046ei8qxG59mtM3RG3DHgTK81HrxrmoDVINJb8NKT5ZsRbwHvQ6B68Iyhg=="
    },
    "regex-recursion@6.0.2": {
      "integrity": "sha512-0YCaSCq2VRIebiaUviZNs0cBz1kg5kVS2UKUfNIx8YVs1cN3AV7NTctO5FOKBA+UT2BPJIWZauYHPqJODG50cg==",
      "dependencies": [
        "regex-utilities"
      ]
    },
    "regex-utilities@2.3.0": {
      "integrity": "sha512-8VhliFJAWRaUiVvREIiW2NXXTmHs4vMNnSzuJVhscgmGav3g9VDxLrQndI3dZZVVdp0ZO/5v0xmX516/7M9cng=="
    },
    "regex@6.0.1": {
      "integrity": "sha512-uorlqlzAKjKQZ5P+kTJr3eeJGSVroLKoHmquUj4zHWuR+hEyNqlXsSKlYYF5F4NI6nl7tWCs0apKJ0lmfsXAPA==",
      "dependencies": [
        "regex-utilities"
      ]
    },
    "shiki@3.3.0": {
      "integrity": "sha512-j0Z1tG5vlOFGW8JVj0Cpuatzvshes7VJy5ncDmmMaYcmnGW0Js1N81TOW98ivTFNZfKRn9uwEg/aIm638o368g==",
      "dependencies": [
        "@shikijs/core",
        "@shikijs/engine-javascript",
        "@shikijs/engine-oniguruma",
        "@shikijs/langs",
        "@shikijs/themes",
        "@shikijs/types",
        "@shikijs/vscode-textmate",
        "@types/hast"
      ]
    },
    "space-separated-tokens@2.0.2": {
      "integrity": "sha512-PEGlAwrG8yXGXRjW32fGbg66JAlOAwbObuqVoJpv/mRgoWDQfgH1wDPvtzWyUSNAXBGSk8h755YDbbcEy3SH2Q=="
    },
    "stringify-entities@4.0.4": {
      "integrity": "sha512-IwfBptatlO+QCJUo19AqvrPNqlVMpW9YEL2LIVY+Rpv2qsjCGxaDLNRgeGsQWJhfItebuJhsGSLjaBbNSQ+ieg==",
      "dependencies": [
        "character-entities-html4",
        "character-entities-legacy"
      ]
    },
    "trim-lines@3.0.1": {
      "integrity": "sha512-kRj8B+YHZCc9kQYdWfJB2/oUl9rA99qbowYYBtr4ui4mZyAQ2JpvVBd/6U2YloATfqBhBTSMhTpgBHtU0Mf3Rg=="
    },
    "unist-util-is@6.0.0": {
      "integrity": "sha512-2qCTHimwdxLfz+YzdGfkqNlH0tLi9xjTnHddPmJwtIG9MGsdbutfTc4P+haPD7l7Cjxf/WZj+we5qfVPvvxfYw==",
      "dependencies": [
        "@types/unist"
      ]
    },
    "unist-util-position@5.0.0": {
      "integrity": "sha512-fucsC7HjXvkB5R3kTCO7kUjRdrS0BJt3M/FPxmHMBOm8JQi2BsHAHFsy27E0EolP8rp0NzXsJ+jNPyDWvOJZPA==",
      "dependencies": [
        "@types/unist"
      ]
    },
    "unist-util-stringify-position@4.0.0": {
      "integrity": "sha512-0ASV06AAoKCDkS2+xw5RXJywruurpbC4JZSm7nr7MOt1ojAzvyyaO+UxZf18j8FCF6kmzCZKcAgN/yu2gm2XgQ==",
      "dependencies": [
        "@types/unist"
      ]
    },
    "unist-util-visit-parents@6.0.1": {
      "integrity": "sha512-L/PqWzfTP9lzzEa6CKs0k2nARxTdZduw3zyh8d2NVBnsyvHjSX4TWse388YrrQKbvI8w20fGjGlhgT96WwKykw==",
      "dependencies": [
        "@types/unist",
        "unist-util-is"
      ]
    },
    "unist-util-visit@5.0.0": {
      "integrity": "sha512-MR04uvD+07cwl/yhVuVWAtw+3GOR/knlL55Nd/wAdblk27GCVt3lqpTivy/tkJcZoNPzTwS1Y+KMojlLDhoTzg==",
      "dependencies": [
        "@types/unist",
        "unist-util-is",
        "unist-util-visit-parents"
      ]
    },
    "vfile-message@4.0.2": {
      "integrity": "sha512-jRDZ1IMLttGj41KcZvlrYAaI3CfqpLpfpf+Mfig13viT6NKvRzWZ+lXz0Y5D60w6uJIBAOGq9mSHf0gktF0duw==",
      "dependencies": [
        "@types/unist",
        "unist-util-stringify-position"
      ]
    },
    "vfile@6.0.3": {
      "integrity": "sha512-KzIbH/9tXat2u30jf+smMwFCsno4wHVdNmzFyL+T/L3UGqqk6JKfVqOFOZEpZSHADH1k40ab6NUIXZq422ov3Q==",
      "dependencies": [
        "@types/unist",
        "vfile-message"
      ]
    },
    "zwitch@2.0.4": {
      "integrity": "sha512-bXE4cR/kVZhKZX/RjPEflHaKVhUVl85noU3v6b8apfQEc1x4A+zBxjZ4lN8LqGd6WZ3dl98pY4o717VFmoPp+A=="
    }
  },
  "workspace": {
    "dependencies": [
      "jsr:@astral/astral@~0.5.2",
      "jsr:@std/assert@^1.0.13",
      "jsr:@std/cli@1.0.17",
      "jsr:@std/fmt@^1.0.7",
      "jsr:@std/front-matter@^1.0.9",
      "jsr:@std/path@^1.0.9",
      "jsr:@std/yaml@^1.0.6",
      "npm:md4w@~0.2.6",
      "npm:node-html-parser@^7.0.1",
      "npm:shiki@^3.3.0"
    ]
  }
}
